
Microsoft Visual Studio Solution File, Format Version 12.00
# Visual Studio Version 17
VisualStudioVersion = 17.9.34723.18
MinimumVisualStudioVersion = 10.0.40219.1
Project("{9A19103F-16F7-4668-BE54-9A1E7A4F7556}") = "ADO .NET 01. SqlConnection, SqlDataReader", "ADO .NET 01. SqlConnection, SqlDataReader\ADO .NET 01. SqlConnection, SqlDataReader.csproj", "{BB14B439-D8A6-427E-99C3-6224D98C36D6}"
EndProject
Project("{2150E333-8FDC-42A3-9474-1A3956D46DE8}") = "ADO .NET 01", "ADO .NET 01", "{02FE1D2B-20BF-4FA9-89AA-FF72CC0D7022}"
EndProject
Project("{9A19103F-16F7-4668-BE54-9A1E7A4F7556}") = "ADO .NET 01. Sql Read Data", "ADO .NET 01. Sql Read Data\ADO .NET 01. Sql Read Data.csproj", "{BD179FAF-4E61-4478-A3EE-F6089CB2B49E}"
EndProject
Project("{2150E333-8FDC-42A3-9474-1A3956D46DE8}") = "ADO .NET 02", "ADO .NET 02", "{C1FABE31-612A-47C4-890A-27AD4C6BC50E}"
EndProject
Project("{9A19103F-16F7-4668-BE54-9A1E7A4F7556}") = "ADO .NET 02. Multi Query", "ADO .NET 02. Multi Query\ADO .NET 02. Multi Query.csproj", "{2BF9FB6E-9B75-4AAB-B337-3EF4338F35EF}"
EndProject
Project("{9A19103F-16F7-4668-BE54-9A1E7A4F7556}") = "ADO 02. Configuration file", "ADO 02. Configuration file\ADO 02. Configuration file.csproj", "{EB0E45D2-9DED-438E-B514-082730CA78BF}"
EndProject
Project("{9A19103F-16F7-4668-BE54-9A1E7A4F7556}") = "ADO 02. Paramerized query", "ADO 02. Paramerized query\ADO 02. Paramerized query.csproj", "{138AE907-990F-4306-9DDC-786DC4BB8FEE}"
EndProject
Project("{9A19103F-16F7-4668-BE54-9A1E7A4F7556}") = "ADO 02. Stored procedure execute", "ADO 02. Stored procedure execute\ADO 02. Stored procedure execute.csproj", "{C1FFE400-2C70-4B17-9C84-69DB08C6E272}"
EndProject
Project("{2150E333-8FDC-42A3-9474-1A3956D46DE8}") = "ADO .NET 03", "ADO .NET 03", "{D01749EC-BA54-4977-8BBC-AEDD273A6BAA}"
EndProject
Project("{9A19103F-16F7-4668-BE54-9A1E7A4F7556}") = "ADO 03. DataTable", "ADO 03. DataTable\ADO 03. DataTable.csproj", "{7470D5DD-43F2-4536-8AF9-364E7D4E3FE3}"
EndProject
Project("{9A19103F-16F7-4668-BE54-9A1E7A4F7556}") = "ADO 03. Disconnected mode", "ADO 03. Disconnected mode\ADO 03. Disconnected mode.csproj", "{27BBC3EA-34E8-47F5-92F8-422D646C3FD2}"
EndProject
Project("{9A19103F-16F7-4668-BE54-9A1E7A4F7556}") = "ADO 03. Picture in Database", "ADO 03. Picture in Database\ADO 03. Picture in Database.csproj", "{DBFA1E44-B465-4036-BF87-780AB3D5E0FD}"
EndProject
Project("{2150E333-8FDC-42A3-9474-1A3956D46DE8}") = "ADO .NET 04", "ADO .NET 04", "{2ECB39B9-E898-463F-9C26-A783AC83E5DA}"
EndProject
Project("{9A19103F-16F7-4668-BE54-9A1E7A4F7556}") = "ADO 04. Database First 01", "ADO 04. Database First 01\ADO 04. Database First 01.csproj", "{B8167AD2-34A2-4AC6-BC20-E4A2363FB208}"
EndProject
Project("{9A19103F-16F7-4668-BE54-9A1E7A4F7556}") = "ADO 04. Database First 02", "ADO 04. Database First 02\ADO 04. Database First 02.csproj", "{DECEE34C-5582-4576-B7D1-B961FA4502CA}"
EndProject
Project("{9A19103F-16F7-4668-BE54-9A1E7A4F7556}") = "ADO 04. EF Core start, DB First", "ADO 04. EF Core start, DB First\ADO 04. EF Core start, DB First.csproj", "{40BB5DDC-D499-40C8-87A9-228153129628}"
EndProject
Project("{2150E333-8FDC-42A3-9474-1A3956D46DE8}") = "ADO .NET 05", "ADO .NET 05", "{FFE9A16A-7BF5-40BE-A9A9-6D98E80DE74A}"
EndProject
Project("{9A19103F-16F7-4668-BE54-9A1E7A4F7556}") = "ADO 05. LINQ for Entities", "ADO 05. LINQ for Entities\ADO 05. LINQ for Entities.csproj", "{278C85B2-0D5A-4BDF-BC25-21FFA0B86215}"
EndProject
Project("{2150E333-8FDC-42A3-9474-1A3956D46DE8}") = "ADO .NET 06", "ADO .NET 06", "{F5D48AF3-4EDE-40DE-A975-25483EB3E6EB}"
EndProject
Project("{FAE04EC0-301F-11D3-BF4B-00C04F79EFBC}") = "ADO .NET 06. Entity Relationships. One To One", "ADO .NET 06. Entity Relationships. One To One\ADO .NET 06. Entity Relationships. One To One.csproj", "{3D9CEA16-BE75-4ACC-8C4C-788B2BFB616B}"
EndProject
Project("{FAE04EC0-301F-11D3-BF4B-00C04F79EFBC}") = "ADO .NET 06. Entity Relationships. One To Many", "ADO .NET 06. Entity Relationships. One To Many\ADO .NET 06. Entity Relationships. One To Many.csproj", "{221F0A54-9531-4C35-B242-72980D61D08D}"
EndProject
Project("{FAE04EC0-301F-11D3-BF4B-00C04F79EFBC}") = "ADO .NET 06. Entity Relationships. Many to Many", "ADO .NET 06. Entity Relationships. Many to Many\ADO .NET 06. Entity Relationships. Many to Many.csproj", "{B6342551-B25D-45B8-AE6E-07FC0C2900E6}"
EndProject
Global
	GlobalSection(SolutionConfigurationPlatforms) = preSolution
		Debug|Any CPU = Debug|Any CPU
		Release|Any CPU = Release|Any CPU
	EndGlobalSection
	GlobalSection(ProjectConfigurationPlatforms) = postSolution
		{BB14B439-D8A6-427E-99C3-6224D98C36D6}.Debug|Any CPU.ActiveCfg = Debug|Any CPU
		{BB14B439-D8A6-427E-99C3-6224D98C36D6}.Debug|Any CPU.Build.0 = Debug|Any CPU
		{BB14B439-D8A6-427E-99C3-6224D98C36D6}.Release|Any CPU.ActiveCfg = Release|Any CPU
		{BB14B439-D8A6-427E-99C3-6224D98C36D6}.Release|Any CPU.Build.0 = Release|Any CPU
		{BD179FAF-4E61-4478-A3EE-F6089CB2B49E}.Debug|Any CPU.ActiveCfg = Debug|Any CPU
		{BD179FAF-4E61-4478-A3EE-F6089CB2B49E}.Debug|Any CPU.Build.0 = Debug|Any CPU
		{BD179FAF-4E61-4478-A3EE-F6089CB2B49E}.Release|Any CPU.ActiveCfg = Release|Any CPU
		{BD179FAF-4E61-4478-A3EE-F6089CB2B49E}.Release|Any CPU.Build.0 = Release|Any CPU
		{2BF9FB6E-9B75-4AAB-B337-3EF4338F35EF}.Debug|Any CPU.ActiveCfg = Debug|Any CPU
		{2BF9FB6E-9B75-4AAB-B337-3EF4338F35EF}.Debug|Any CPU.Build.0 = Debug|Any CPU
		{2BF9FB6E-9B75-4AAB-B337-3EF4338F35EF}.Release|Any CPU.ActiveCfg = Release|Any CPU
		{2BF9FB6E-9B75-4AAB-B337-3EF4338F35EF}.Release|Any CPU.Build.0 = Release|Any CPU
		{EB0E45D2-9DED-438E-B514-082730CA78BF}.Debug|Any CPU.ActiveCfg = Debug|Any CPU
		{EB0E45D2-9DED-438E-B514-082730CA78BF}.Debug|Any CPU.Build.0 = Debug|Any CPU
		{EB0E45D2-9DED-438E-B514-082730CA78BF}.Release|Any CPU.ActiveCfg = Release|Any CPU
		{EB0E45D2-9DED-438E-B514-082730CA78BF}.Release|Any CPU.Build.0 = Release|Any CPU
		{138AE907-990F-4306-9DDC-786DC4BB8FEE}.Debug|Any CPU.ActiveCfg = Debug|Any CPU
		{138AE907-990F-4306-9DDC-786DC4BB8FEE}.Debug|Any CPU.Build.0 = Debug|Any CPU
		{138AE907-990F-4306-9DDC-786DC4BB8FEE}.Release|Any CPU.ActiveCfg = Release|Any CPU
		{138AE907-990F-4306-9DDC-786DC4BB8FEE}.Release|Any CPU.Build.0 = Release|Any CPU
		{C1FFE400-2C70-4B17-9C84-69DB08C6E272}.Debug|Any CPU.ActiveCfg = Debug|Any CPU
		{C1FFE400-2C70-4B17-9C84-69DB08C6E272}.Debug|Any CPU.Build.0 = Debug|Any CPU
		{C1FFE400-2C70-4B17-9C84-69DB08C6E272}.Release|Any CPU.ActiveCfg = Release|Any CPU
		{C1FFE400-2C70-4B17-9C84-69DB08C6E272}.Release|Any CPU.Build.0 = Release|Any CPU
		{7470D5DD-43F2-4536-8AF9-364E7D4E3FE3}.Debug|Any CPU.ActiveCfg = Debug|Any CPU
		{7470D5DD-43F2-4536-8AF9-364E7D4E3FE3}.Debug|Any CPU.Build.0 = Debug|Any CPU
		{7470D5DD-43F2-4536-8AF9-364E7D4E3FE3}.Release|Any CPU.ActiveCfg = Release|Any CPU
		{7470D5DD-43F2-4536-8AF9-364E7D4E3FE3}.Release|Any CPU.Build.0 = Release|Any CPU
		{27BBC3EA-34E8-47F5-92F8-422D646C3FD2}.Debug|Any CPU.ActiveCfg = Debug|Any CPU
		{27BBC3EA-34E8-47F5-92F8-422D646C3FD2}.Debug|Any CPU.Build.0 = Debug|Any CPU
		{27BBC3EA-34E8-47F5-92F8-422D646C3FD2}.Release|Any CPU.ActiveCfg = Release|Any CPU
		{27BBC3EA-34E8-47F5-92F8-422D646C3FD2}.Release|Any CPU.Build.0 = Release|Any CPU
		{DBFA1E44-B465-4036-BF87-780AB3D5E0FD}.Debug|Any CPU.ActiveCfg = Debug|Any CPU
		{DBFA1E44-B465-4036-BF87-780AB3D5E0FD}.Debug|Any CPU.Build.0 = Debug|Any CPU
		{DBFA1E44-B465-4036-BF87-780AB3D5E0FD}.Release|Any CPU.ActiveCfg = Release|Any CPU
		{DBFA1E44-B465-4036-BF87-780AB3D5E0FD}.Release|Any CPU.Build.0 = Release|Any CPU
		{B8167AD2-34A2-4AC6-BC20-E4A2363FB208}.Debug|Any CPU.ActiveCfg = Debug|Any CPU
		{B8167AD2-34A2-4AC6-BC20-E4A2363FB208}.Debug|Any CPU.Build.0 = Debug|Any CPU
		{B8167AD2-34A2-4AC6-BC20-E4A2363FB208}.Release|Any CPU.ActiveCfg = Release|Any CPU
		{B8167AD2-34A2-4AC6-BC20-E4A2363FB208}.Release|Any CPU.Build.0 = Release|Any CPU
		{DECEE34C-5582-4576-B7D1-B961FA4502CA}.Debug|Any CPU.ActiveCfg = Debug|Any CPU
		{DECEE34C-5582-4576-B7D1-B961FA4502CA}.Debug|Any CPU.Build.0 = Debug|Any CPU
		{DECEE34C-5582-4576-B7D1-B961FA4502CA}.Release|Any CPU.ActiveCfg = Release|Any CPU
		{DECEE34C-5582-4576-B7D1-B961FA4502CA}.Release|Any CPU.Build.0 = Release|Any CPU
		{40BB5DDC-D499-40C8-87A9-228153129628}.Debug|Any CPU.ActiveCfg = Debug|Any CPU
		{40BB5DDC-D499-40C8-87A9-228153129628}.Debug|Any CPU.Build.0 = Debug|Any CPU
		{40BB5DDC-D499-40C8-87A9-228153129628}.Release|Any CPU.ActiveCfg = Release|Any CPU
		{40BB5DDC-D499-40C8-87A9-228153129628}.Release|Any CPU.Build.0 = Release|Any CPU
		{278C85B2-0D5A-4BDF-BC25-21FFA0B86215}.Debug|Any CPU.ActiveCfg = Debug|Any CPU
		{278C85B2-0D5A-4BDF-BC25-21FFA0B86215}.Debug|Any CPU.Build.0 = Debug|Any CPU
		{278C85B2-0D5A-4BDF-BC25-21FFA0B86215}.Release|Any CPU.ActiveCfg = Release|Any CPU
		{278C85B2-0D5A-4BDF-BC25-21FFA0B86215}.Release|Any CPU.Build.0 = Release|Any CPU
		{3D9CEA16-BE75-4ACC-8C4C-788B2BFB616B}.Debug|Any CPU.ActiveCfg = Debug|Any CPU
		{3D9CEA16-BE75-4ACC-8C4C-788B2BFB616B}.Debug|Any CPU.Build.0 = Debug|Any CPU
		{3D9CEA16-BE75-4ACC-8C4C-788B2BFB616B}.Release|Any CPU.ActiveCfg = Release|Any CPU
		{3D9CEA16-BE75-4ACC-8C4C-788B2BFB616B}.Release|Any CPU.Build.0 = Release|Any CPU
		{221F0A54-9531-4C35-B242-72980D61D08D}.Debug|Any CPU.ActiveCfg = Debug|Any CPU
		{221F0A54-9531-4C35-B242-72980D61D08D}.Debug|Any CPU.Build.0 = Debug|Any CPU
		{221F0A54-9531-4C35-B242-72980D61D08D}.Release|Any CPU.ActiveCfg = Release|Any CPU
		{221F0A54-9531-4C35-B242-72980D61D08D}.Release|Any CPU.Build.0 = Release|Any CPU
		{B6342551-B25D-45B8-AE6E-07FC0C2900E6}.Debug|Any CPU.ActiveCfg = Debug|Any CPU
		{B6342551-B25D-45B8-AE6E-07FC0C2900E6}.Debug|Any CPU.Build.0 = Debug|Any CPU
		{B6342551-B25D-45B8-AE6E-07FC0C2900E6}.Release|Any CPU.ActiveCfg = Release|Any CPU
		{B6342551-B25D-45B8-AE6E-07FC0C2900E6}.Release|Any CPU.Build.0 = Release|Any CPU
	EndGlobalSection
	GlobalSection(SolutionProperties) = preSolution
		HideSolutionNode = FALSE
	EndGlobalSection
	GlobalSection(NestedProjects) = preSolution
		{BB14B439-D8A6-427E-99C3-6224D98C36D6} = {02FE1D2B-20BF-4FA9-89AA-FF72CC0D7022}
		{BD179FAF-4E61-4478-A3EE-F6089CB2B49E} = {02FE1D2B-20BF-4FA9-89AA-FF72CC0D7022}
		{2BF9FB6E-9B75-4AAB-B337-3EF4338F35EF} = {C1FABE31-612A-47C4-890A-27AD4C6BC50E}
		{EB0E45D2-9DED-438E-B514-082730CA78BF} = {C1FABE31-612A-47C4-890A-27AD4C6BC50E}
		{138AE907-990F-4306-9DDC-786DC4BB8FEE} = {C1FABE31-612A-47C4-890A-27AD4C6BC50E}
		{C1FFE400-2C70-4B17-9C84-69DB08C6E272} = {C1FABE31-612A-47C4-890A-27AD4C6BC50E}
		{7470D5DD-43F2-4536-8AF9-364E7D4E3FE3} = {D01749EC-BA54-4977-8BBC-AEDD273A6BAA}
		{27BBC3EA-34E8-47F5-92F8-422D646C3FD2} = {D01749EC-BA54-4977-8BBC-AEDD273A6BAA}
		{DBFA1E44-B465-4036-BF87-780AB3D5E0FD} = {D01749EC-BA54-4977-8BBC-AEDD273A6BAA}
		{B8167AD2-34A2-4AC6-BC20-E4A2363FB208} = {2ECB39B9-E898-463F-9C26-A783AC83E5DA}
		{DECEE34C-5582-4576-B7D1-B961FA4502CA} = {2ECB39B9-E898-463F-9C26-A783AC83E5DA}
		{40BB5DDC-D499-40C8-87A9-228153129628} = {2ECB39B9-E898-463F-9C26-A783AC83E5DA}
		{278C85B2-0D5A-4BDF-BC25-21FFA0B86215} = {FFE9A16A-7BF5-40BE-A9A9-6D98E80DE74A}
		{3D9CEA16-BE75-4ACC-8C4C-788B2BFB616B} = {F5D48AF3-4EDE-40DE-A975-25483EB3E6EB}
		{221F0A54-9531-4C35-B242-72980D61D08D} = {F5D48AF3-4EDE-40DE-A975-25483EB3E6EB}
		{B6342551-B25D-45B8-AE6E-07FC0C2900E6} = {F5D48AF3-4EDE-40DE-A975-25483EB3E6EB}
	EndGlobalSection
	GlobalSection(ExtensibilityGlobals) = postSolution
		SolutionGuid = {35B147B1-BD0C-404C-8CB7-9DEFE383C347}
	EndGlobalSection
EndGlobal
