
Microsoft Visual Studio Solution File, Format Version 12.00
# Visual Studio Version 17
VisualStudioVersion = 17.9.34723.18
MinimumVisualStudioVersion = 10.0.40219.1
Project("{FAE04EC0-301F-11D3-BF4B-00C04F79EFBC}") = "ADO .NET 01. SqlConnection, SqlDataReader", "ADO .NET 01. SqlConnection, SqlDataReader\ADO .NET 01. SqlConnection, SqlDataReader.csproj", "{BB14B439-D8A6-427E-99C3-6224D98C36D6}"
EndProject
Project("{2150E333-8FDC-42A3-9474-1A3956D46DE8}") = "ADO .NET 01", "ADO .NET 01", "{02FE1D2B-20BF-4FA9-89AA-FF72CC0D7022}"
EndProject
Project("{FAE04EC0-301F-11D3-BF4B-00C04F79EFBC}") = "ADO .NET 01. Sql Read Data", "ADO .NET 01. Sql Read Data\ADO .NET 01. Sql Read Data.csproj", "{BD179FAF-4E61-4478-A3EE-F6089CB2B49E}"
EndProject
Global
	GlobalSection(SolutionConfigurationPlatforms) = preSolution
		Debug|Any CPU = Debug|Any CPU
		Release|Any CPU = Release|Any CPU
	EndGlobalSection
	GlobalSection(ProjectConfigurationPlatforms) = postSolution
		{BB14B439-D8A6-427E-99C3-6224D98C36D6}.Debug|Any CPU.ActiveCfg = Debug|Any CPU
		{BB14B439-D8A6-427E-99C3-6224D98C36D6}.Debug|Any CPU.Build.0 = Debug|Any CPU
		{BB14B439-D8A6-427E-99C3-6224D98C36D6}.Release|Any CPU.ActiveCfg = Release|Any CPU
		{BB14B439-D8A6-427E-99C3-6224D98C36D6}.Release|Any CPU.Build.0 = Release|Any CPU
		{BD179FAF-4E61-4478-A3EE-F6089CB2B49E}.Debug|Any CPU.ActiveCfg = Debug|Any CPU
		{BD179FAF-4E61-4478-A3EE-F6089CB2B49E}.Debug|Any CPU.Build.0 = Debug|Any CPU
		{BD179FAF-4E61-4478-A3EE-F6089CB2B49E}.Release|Any CPU.ActiveCfg = Release|Any CPU
		{BD179FAF-4E61-4478-A3EE-F6089CB2B49E}.Release|Any CPU.Build.0 = Release|Any CPU
	EndGlobalSection
	GlobalSection(SolutionProperties) = preSolution
		HideSolutionNode = FALSE
	EndGlobalSection
	GlobalSection(NestedProjects) = preSolution
		{BB14B439-D8A6-427E-99C3-6224D98C36D6} = {02FE1D2B-20BF-4FA9-89AA-FF72CC0D7022}
		{BD179FAF-4E61-4478-A3EE-F6089CB2B49E} = {02FE1D2B-20BF-4FA9-89AA-FF72CC0D7022}
	EndGlobalSection
	GlobalSection(ExtensibilityGlobals) = postSolution
		SolutionGuid = {35B147B1-BD0C-404C-8CB7-9DEFE383C347}
	EndGlobalSection
EndGlobal
